<?xml version="1.0" encoding="utf-8"?>
<Project ToolsVersion="4.0" xmlns="http://schemas.microsoft.com/developer/msbuild/2003">
  <ItemGroup>
    <Filter Include="Source Files">
      <UniqueIdentifier>{4FC737F1-C7A5-4376-A066-2A32D752A2FF}</UniqueIdentifier>
      <Extensions>cpp;c;cc;cxx;c++;cppm;ixx;def;odl;idl;hpj;bat;asm;asmx</Extensions>
    </Filter>
    <Filter Include="Header Files">
      <UniqueIdentifier>{93995380-89BD-4b04-88EB-625FBE52EBFB}</UniqueIdentifier>
      <Extensions>h;hh;hpp;hxx;h++;hm;inl;inc;ipp;xsd</Extensions>
    </Filter>
    <Filter Include="SourceSync">
      <UniqueIdentifier>{e4d4e8b0-7b4a-4d09-818b-2ae6bf971123}</UniqueIdentifier>
    </Filter>
    <Filter Include="Protos">
      <UniqueIdentifier>{ea746395-ac03-479d-9afc-1bb631b3b7dc}</UniqueIdentifier>
    </Filter>
  </ItemGroup>
  <ItemGroup>
    <ClCompile Include="main.cpp">
      <Filter>Source Files</Filter>
    </ClCompile>
    <ClCompile Include="Utils.cpp">
      <Filter>Source Files</Filter>
    </ClCompile>
    <ClCompile Include="..\SourceSync\SourceSyncClient.cpp">
      <Filter>SourceSync</Filter>
    </ClCompile>
    <ClCompile Include="..\Protos\DecompilerSynchronizer.grpc.pb.cc">
      <Filter>Protos</Filter>
    </ClCompile>
    <ClCompile Include="..\Protos\DecompilerSynchronizer.pb.cc">
      <Filter>Protos</Filter>
    </ClCompile>
  </ItemGroup>
  <ItemGroup>
    <ClInclude Include="InterfaceWrapper.h">
      <Filter>Header Files</Filter>
    </ClInclude>
    <ClInclude Include="Utils.h">
      <Filter>Header Files</Filter>
    </ClInclude>
    <ClInclude Include="..\SourceSync\SourceSyncClient.h">
      <Filter>SourceSync</Filter>
    </ClInclude>
    <ClInclude Include="..\Protos\DecompilerSynchronizer.grpc.pb.h">
      <Filter>Protos</Filter>
    </ClInclude>
    <ClInclude Include="..\Protos\DecompilerSynchronizer.pb.h">
      <Filter>Protos</Filter>
    </ClInclude>
  </ItemGroup>
  <ItemGroup>
    <None Include="..\Protos\DecompilerSynchronizer.proto">
      <Filter>Protos</Filter>
    </None>
  </ItemGroup>
</Project>